
Microsoft Visual Studio Solution File, Format Version 12.00
# Visual Studio Version 17
VisualStudioVersion = 17.6.33829.357
MinimumVisualStudioVersion = 10.0.40219.1
Project("{9A19103F-16F7-4668-BE54-9A1E7A4F7556}") = "BlazorPeliculas.Server", "BlazorPeliculas\Server\BlazorPeliculas.Server.csproj", "{E35FD1B8-9285-4C7E-AD80-544C04DBE34A}"
EndProject
Project("{9A19103F-16F7-4668-BE54-9A1E7A4F7556}") = "BlazorPeliculas.Client", "BlazorPeliculas\Client\BlazorPeliculas.Client.csproj", "{A280E175-B61E-41B6-AE84-14CC4721FD9F}"
EndProject
Project("{9A19103F-16F7-4668-BE54-9A1E7A4F7556}") = "BlazorPeliculas.Shared", "BlazorPeliculas\Shared\BlazorPeliculas.Shared.csproj", "{88B7DA87-42F8-4EEF-9CB2-A07D60987A7A}"
EndProject
Global
	GlobalSection(SolutionConfigurationPlatforms) = preSolution
		Debug|Any CPU = Debug|Any CPU
		Release|Any CPU = Release|Any CPU
	EndGlobalSection
	GlobalSection(ProjectConfigurationPlatforms) = postSolution
		{E35FD1B8-9285-4C7E-AD80-544C04DBE34A}.Debug|Any CPU.ActiveCfg = Debug|Any CPU
		{E35FD1B8-9285-4C7E-AD80-544C04DBE34A}.Debug|Any CPU.Build.0 = Debug|Any CPU
		{E35FD1B8-9285-4C7E-AD80-544C04DBE34A}.Release|Any CPU.ActiveCfg = Release|Any CPU
		{E35FD1B8-9285-4C7E-AD80-544C04DBE34A}.Release|Any CPU.Build.0 = Release|Any CPU
		{A280E175-B61E-41B6-AE84-14CC4721FD9F}.Debug|Any CPU.ActiveCfg = Debug|Any CPU
		{A280E175-B61E-41B6-AE84-14CC4721FD9F}.Debug|Any CPU.Build.0 = Debug|Any CPU
		{A280E175-B61E-41B6-AE84-14CC4721FD9F}.Release|Any CPU.ActiveCfg = Release|Any CPU
		{A280E175-B61E-41B6-AE84-14CC4721FD9F}.Release|Any CPU.Build.0 = Release|Any CPU
		{88B7DA87-42F8-4EEF-9CB2-A07D60987A7A}.Debug|Any CPU.ActiveCfg = Debug|Any CPU
		{88B7DA87-42F8-4EEF-9CB2-A07D60987A7A}.Debug|Any CPU.Build.0 = Debug|Any CPU
		{88B7DA87-42F8-4EEF-9CB2-A07D60987A7A}.Release|Any CPU.ActiveCfg = Release|Any CPU
		{88B7DA87-42F8-4EEF-9CB2-A07D60987A7A}.Release|Any CPU.Build.0 = Release|Any CPU
	EndGlobalSection
	GlobalSection(SolutionProperties) = preSolution
		HideSolutionNode = FALSE
	EndGlobalSection
	GlobalSection(ExtensibilityGlobals) = postSolution
		SolutionGuid = {962E2D51-0CC4-4BDD-B6F9-A41D9F47F331}
	EndGlobalSection
EndGlobal
